
Microsoft Visual Studio Solution File, Format Version 12.00
# Visual Studio Version 17
VisualStudioVersion = 17.8.34330.188
MinimumVisualStudioVersion = 10.0.40219.1
Project("{FAE04EC0-301F-11D3-BF4B-00C04F79EFBC}") = "UserCRUD", "UserCRUD\UserCRUD.csproj", "{A71BC0BA-C41F-44BA-B9F3-1FF31F454167}"
EndProject
Global
	GlobalSection(SolutionConfigurationPlatforms) = preSolution
		Debug|Any CPU = Debug|Any CPU
		Release|Any CPU = Release|Any CPU
	EndGlobalSection
	GlobalSection(ProjectConfigurationPlatforms) = postSolution
		{A71BC0BA-C41F-44BA-B9F3-1FF31F454167}.Debug|Any CPU.ActiveCfg = Debug|Any CPU
		{A71BC0BA-C41F-44BA-B9F3-1FF31F454167}.Debug|Any CPU.Build.0 = Debug|Any CPU
		{A71BC0BA-C41F-44BA-B9F3-1FF31F454167}.Release|Any CPU.ActiveCfg = Release|Any CPU
		{A71BC0BA-C41F-44BA-B9F3-1FF31F454167}.Release|Any CPU.Build.0 = Release|Any CPU
	EndGlobalSection
	GlobalSection(SolutionProperties) = preSolution
		HideSolutionNode = FALSE
	EndGlobalSection
	GlobalSection(ExtensibilityGlobals) = postSolution
		SolutionGuid = {A4565030-93F2-4E8F-94A2-921E9D333F11}
	EndGlobalSection
EndGlobal
